
Microsoft Visual Studio Solution File, Format Version 12.00
# Visual Studio Version 17
VisualStudioVersion = 17.4.33403.182
MinimumVisualStudioVersion = 10.0.40219.1
Project("{FAE04EC0-301F-11D3-BF4B-00C04F79EFBC}") = "PaginationApp", "PaginationApp\PaginationApp.csproj", "{AC80D670-5017-4DE1-BAD0-A7589C895937}"
EndProject
Global
	GlobalSection(SolutionConfigurationPlatforms) = preSolution
		Debug|Any CPU = Debug|Any CPU
		Release|Any CPU = Release|Any CPU
	EndGlobalSection
	GlobalSection(ProjectConfigurationPlatforms) = postSolution
		{AC80D670-5017-4DE1-BAD0-A7589C895937}.Debug|Any CPU.ActiveCfg = Debug|Any CPU
		{AC80D670-5017-4DE1-BAD0-A7589C895937}.Debug|Any CPU.Build.0 = Debug|Any CPU
		{AC80D670-5017-4DE1-BAD0-A7589C895937}.Release|Any CPU.ActiveCfg = Release|Any CPU
		{AC80D670-5017-4DE1-BAD0-A7589C895937}.Release|Any CPU.Build.0 = Release|Any CPU
	EndGlobalSection
	GlobalSection(SolutionProperties) = preSolution
		HideSolutionNode = FALSE
	EndGlobalSection
	GlobalSection(ExtensibilityGlobals) = postSolution
		SolutionGuid = {C8BEC9FA-EC87-412D-B4EF-258271EEA03C}
	EndGlobalSection
EndGlobal
